{
  "name": "VocabSorter",
  "lockfileVersion": 3,
  "requires": true,
  "packages": {
    "": {
      "dependencies": {
        "dictionary-es-us": "^2.0.0"
      }
    },
    "node_modules/dictionary-es-us": {
      "version": "2.0.0",
      "resolved": "https://registry.npmjs.org/dictionary-es-us/-/dictionary-es-us-2.0.0.tgz",
      "integrity": "sha512-E9HNOl6RSG7eIDIhdIny9W+NkjMFlp/MaJ9IYOggGm3J4FPW2HRFEI6WPR6lC7rD5qxt1gNiDjhO55iGAULgrw==",
      "license": "(GPL-3.0 OR LGPL-3.0 OR MPL-1.1)",
      "funding": {
        "type": "github",
        "url": "https://github.com/sponsors/wooorm"
      }
    }
  }
}
